
Microsoft Visual Studio Solution File, Format Version 11.00
# Visual Studio 2010
Project("{FAE04EC0-301F-11D3-BF4B-00C04F79EFBC}") = "KinectBrowser", "KinectBrowser.csproj", "{B5032760-CA64-4D93-B937-4BD15EE7D735}"
EndProject
Project("{FAE04EC0-301F-11D3-BF4B-00C04F79EFBC}") = "KinectBrowser.D3D", "..\KinectBrowser.D3D\KinectBrowser.D3D.csproj", "{2CB95101-2F10-4F06-A0BD-0AF3DE5EF384}"
EndProject
Project("{FAE04EC0-301F-11D3-BF4B-00C04F79EFBC}") = "KinectBrowser.Interaction", "..\KinectBrowser.Interaction\KinectBrowser.Interaction.csproj", "{1F30A6E7-8D7D-4B38-86D5-7B7D04EC23C7}"
EndProject
Project("{FAE04EC0-301F-11D3-BF4B-00C04F79EFBC}") = "KinectBrowser.Input.Mouse", "..\KinectBrowser.Input.Mouse\KinectBrowser.Input.Mouse.csproj", "{B32DE561-3790-47E7-BD2D-7F6A528B6337}"
EndProject
Global
	GlobalSection(SolutionConfigurationPlatforms) = preSolution
		Debug|Any CPU = Debug|Any CPU
		Debug|Mixed Platforms = Debug|Mixed Platforms
		Debug|x86 = Debug|x86
		Release|Any CPU = Release|Any CPU
		Release|Mixed Platforms = Release|Mixed Platforms
		Release|x86 = Release|x86
	EndGlobalSection
	GlobalSection(ProjectConfigurationPlatforms) = postSolution
		{B5032760-CA64-4D93-B937-4BD15EE7D735}.Debug|Any CPU.ActiveCfg = Debug|x86
		{B5032760-CA64-4D93-B937-4BD15EE7D735}.Debug|Mixed Platforms.ActiveCfg = Debug|x86
		{B5032760-CA64-4D93-B937-4BD15EE7D735}.Debug|Mixed Platforms.Build.0 = Debug|x86
		{B5032760-CA64-4D93-B937-4BD15EE7D735}.Debug|x86.ActiveCfg = Debug|x86
		{B5032760-CA64-4D93-B937-4BD15EE7D735}.Debug|x86.Build.0 = Debug|x86
		{B5032760-CA64-4D93-B937-4BD15EE7D735}.Release|Any CPU.ActiveCfg = Release|x86
		{B5032760-CA64-4D93-B937-4BD15EE7D735}.Release|Mixed Platforms.ActiveCfg = Release|x86
		{B5032760-CA64-4D93-B937-4BD15EE7D735}.Release|Mixed Platforms.Build.0 = Release|x86
		{B5032760-CA64-4D93-B937-4BD15EE7D735}.Release|x86.ActiveCfg = Release|x86
		{B5032760-CA64-4D93-B937-4BD15EE7D735}.Release|x86.Build.0 = Release|x86
		{2CB95101-2F10-4F06-A0BD-0AF3DE5EF384}.Debug|Any CPU.ActiveCfg = Debug|Any CPU
		{2CB95101-2F10-4F06-A0BD-0AF3DE5EF384}.Debug|Any CPU.Build.0 = Debug|Any CPU
		{2CB95101-2F10-4F06-A0BD-0AF3DE5EF384}.Debug|Mixed Platforms.ActiveCfg = Debug|Any CPU
		{2CB95101-2F10-4F06-A0BD-0AF3DE5EF384}.Debug|Mixed Platforms.Build.0 = Debug|Any CPU
		{2CB95101-2F10-4F06-A0BD-0AF3DE5EF384}.Debug|x86.ActiveCfg = Debug|Any CPU
		{2CB95101-2F10-4F06-A0BD-0AF3DE5EF384}.Debug|x86.Build.0 = Debug|Any CPU
		{2CB95101-2F10-4F06-A0BD-0AF3DE5EF384}.Release|Any CPU.ActiveCfg = Release|Any CPU
		{2CB95101-2F10-4F06-A0BD-0AF3DE5EF384}.Release|Any CPU.Build.0 = Release|Any CPU
		{2CB95101-2F10-4F06-A0BD-0AF3DE5EF384}.Release|Mixed Platforms.ActiveCfg = Release|Any CPU
		{2CB95101-2F10-4F06-A0BD-0AF3DE5EF384}.Release|Mixed Platforms.Build.0 = Release|Any CPU
		{2CB95101-2F10-4F06-A0BD-0AF3DE5EF384}.Release|x86.ActiveCfg = Release|Any CPU
		{1F30A6E7-8D7D-4B38-86D5-7B7D04EC23C7}.Debug|Any CPU.ActiveCfg = Debug|Any CPU
		{1F30A6E7-8D7D-4B38-86D5-7B7D04EC23C7}.Debug|Any CPU.Build.0 = Debug|Any CPU
		{1F30A6E7-8D7D-4B38-86D5-7B7D04EC23C7}.Debug|Mixed Platforms.ActiveCfg = Debug|Any CPU
		{1F30A6E7-8D7D-4B38-86D5-7B7D04EC23C7}.Debug|Mixed Platforms.Build.0 = Debug|Any CPU
		{1F30A6E7-8D7D-4B38-86D5-7B7D04EC23C7}.Debug|x86.ActiveCfg = Debug|Any CPU
		{1F30A6E7-8D7D-4B38-86D5-7B7D04EC23C7}.Debug|x86.Build.0 = Debug|Any CPU
		{1F30A6E7-8D7D-4B38-86D5-7B7D04EC23C7}.Release|Any CPU.ActiveCfg = Release|Any CPU
		{1F30A6E7-8D7D-4B38-86D5-7B7D04EC23C7}.Release|Any CPU.Build.0 = Release|Any CPU
		{1F30A6E7-8D7D-4B38-86D5-7B7D04EC23C7}.Release|Mixed Platforms.ActiveCfg = Release|Any CPU
		{1F30A6E7-8D7D-4B38-86D5-7B7D04EC23C7}.Release|Mixed Platforms.Build.0 = Release|Any CPU
		{1F30A6E7-8D7D-4B38-86D5-7B7D04EC23C7}.Release|x86.ActiveCfg = Release|Any CPU
		{B32DE561-3790-47E7-BD2D-7F6A528B6337}.Debug|Any CPU.ActiveCfg = Debug|Any CPU
		{B32DE561-3790-47E7-BD2D-7F6A528B6337}.Debug|Any CPU.Build.0 = Debug|Any CPU
		{B32DE561-3790-47E7-BD2D-7F6A528B6337}.Debug|Mixed Platforms.ActiveCfg = Debug|Any CPU
		{B32DE561-3790-47E7-BD2D-7F6A528B6337}.Debug|Mixed Platforms.Build.0 = Debug|Any CPU
		{B32DE561-3790-47E7-BD2D-7F6A528B6337}.Debug|x86.ActiveCfg = Debug|Any CPU
		{B32DE561-3790-47E7-BD2D-7F6A528B6337}.Debug|x86.Build.0 = Debug|Any CPU
		{B32DE561-3790-47E7-BD2D-7F6A528B6337}.Release|Any CPU.ActiveCfg = Release|Any CPU
		{B32DE561-3790-47E7-BD2D-7F6A528B6337}.Release|Any CPU.Build.0 = Release|Any CPU
		{B32DE561-3790-47E7-BD2D-7F6A528B6337}.Release|Mixed Platforms.ActiveCfg = Release|Any CPU
		{B32DE561-3790-47E7-BD2D-7F6A528B6337}.Release|Mixed Platforms.Build.0 = Release|Any CPU
		{B32DE561-3790-47E7-BD2D-7F6A528B6337}.Release|x86.ActiveCfg = Release|Any CPU
	EndGlobalSection
	GlobalSection(SolutionProperties) = preSolution
		HideSolutionNode = FALSE
	EndGlobalSection
EndGlobal
