
Microsoft Visual Studio Solution File, Format Version 11.00
# Visual Studio 2010
Project("{FAE04EC0-301F-11D3-BF4B-00C04F79EFBC}") = "JapanNUI", "JapanNUI\JapanNUI.csproj", "{CA94BD08-3AF7-4D08-A6C0-8E27094E4121}"
EndProject
Project("{FAE04EC0-301F-11D3-BF4B-00C04F79EFBC}") = "JapanNUI.Input.Kinect", "JapanNUI.Input.Kinect\JapanNUI.Input.Kinect.csproj", "{2B6885B2-E6A4-44CE-AAFA-B1952685CFC7}"
EndProject
Project("{FAE04EC0-301F-11D3-BF4B-00C04F79EFBC}") = "JapanNUI.Input.Mouse", "JapanNUI.Input.Mouse\JapanNUI.Input.Mouse.csproj", "{DC39A188-F3ED-424C-9B8A-C9F669F549AA}"
EndProject
Project("{FAE04EC0-301F-11D3-BF4B-00C04F79EFBC}") = "JapanNUI.Interaction", "JapanNUI.Interaction\JapanNUI.Interaction.csproj", "{17529A4F-65E0-4CDB-A56A-C0C4CC8E9BE9}"
EndProject
Project("{FAE04EC0-301F-11D3-BF4B-00C04F79EFBC}") = "JapanNUI.ImageProcessing", "JapanNUI.ImageProcessing\JapanNUI.ImageProcessing.csproj", "{8072F996-1B06-4E3D-80F5-008D77CF0AF9}"
EndProject
Project("{8BC9CEB8-8B4A-11D0-8D11-00A0C91BC942}") = "JapanNUI.ImageProcessing.SectionsBuilders", "JapanNUI.ImageProcessing.SectionsBuilders\JapanNUI.ImageProcessing.SectionsBuilders.vcxproj", "{F7B8387C-2DBB-41BD-B6E2-C1370A9AE651}"
EndProject
Global
	GlobalSection(SolutionConfigurationPlatforms) = preSolution
		Debug|Any CPU = Debug|Any CPU
		Debug|Mixed Platforms = Debug|Mixed Platforms
		Debug|Win32 = Debug|Win32
		Debug|x86 = Debug|x86
		Release|Any CPU = Release|Any CPU
		Release|Mixed Platforms = Release|Mixed Platforms
		Release|Win32 = Release|Win32
		Release|x86 = Release|x86
	EndGlobalSection
	GlobalSection(ProjectConfigurationPlatforms) = postSolution
		{CA94BD08-3AF7-4D08-A6C0-8E27094E4121}.Debug|Any CPU.ActiveCfg = Debug|x86
		{CA94BD08-3AF7-4D08-A6C0-8E27094E4121}.Debug|Any CPU.Build.0 = Debug|x86
		{CA94BD08-3AF7-4D08-A6C0-8E27094E4121}.Debug|Mixed Platforms.ActiveCfg = Debug|x86
		{CA94BD08-3AF7-4D08-A6C0-8E27094E4121}.Debug|Mixed Platforms.Build.0 = Debug|x86
		{CA94BD08-3AF7-4D08-A6C0-8E27094E4121}.Debug|Win32.ActiveCfg = Debug|x86
		{CA94BD08-3AF7-4D08-A6C0-8E27094E4121}.Debug|x86.ActiveCfg = Debug|x86
		{CA94BD08-3AF7-4D08-A6C0-8E27094E4121}.Debug|x86.Build.0 = Debug|x86
		{CA94BD08-3AF7-4D08-A6C0-8E27094E4121}.Release|Any CPU.ActiveCfg = Release|x86
		{CA94BD08-3AF7-4D08-A6C0-8E27094E4121}.Release|Mixed Platforms.ActiveCfg = Release|x86
		{CA94BD08-3AF7-4D08-A6C0-8E27094E4121}.Release|Mixed Platforms.Build.0 = Release|x86
		{CA94BD08-3AF7-4D08-A6C0-8E27094E4121}.Release|Win32.ActiveCfg = Release|x86
		{CA94BD08-3AF7-4D08-A6C0-8E27094E4121}.Release|x86.ActiveCfg = Release|x86
		{CA94BD08-3AF7-4D08-A6C0-8E27094E4121}.Release|x86.Build.0 = Release|x86
		{2B6885B2-E6A4-44CE-AAFA-B1952685CFC7}.Debug|Any CPU.ActiveCfg = Debug|x86
		{2B6885B2-E6A4-44CE-AAFA-B1952685CFC7}.Debug|Any CPU.Build.0 = Debug|x86
		{2B6885B2-E6A4-44CE-AAFA-B1952685CFC7}.Debug|Mixed Platforms.ActiveCfg = Debug|Any CPU
		{2B6885B2-E6A4-44CE-AAFA-B1952685CFC7}.Debug|Mixed Platforms.Build.0 = Debug|Any CPU
		{2B6885B2-E6A4-44CE-AAFA-B1952685CFC7}.Debug|Win32.ActiveCfg = Debug|x86
		{2B6885B2-E6A4-44CE-AAFA-B1952685CFC7}.Debug|x86.ActiveCfg = Debug|x86
		{2B6885B2-E6A4-44CE-AAFA-B1952685CFC7}.Release|Any CPU.ActiveCfg = Release|Any CPU
		{2B6885B2-E6A4-44CE-AAFA-B1952685CFC7}.Release|Any CPU.Build.0 = Release|Any CPU
		{2B6885B2-E6A4-44CE-AAFA-B1952685CFC7}.Release|Mixed Platforms.ActiveCfg = Release|Any CPU
		{2B6885B2-E6A4-44CE-AAFA-B1952685CFC7}.Release|Mixed Platforms.Build.0 = Release|Any CPU
		{2B6885B2-E6A4-44CE-AAFA-B1952685CFC7}.Release|Win32.ActiveCfg = Release|x86
		{2B6885B2-E6A4-44CE-AAFA-B1952685CFC7}.Release|x86.ActiveCfg = Release|Any CPU
		{DC39A188-F3ED-424C-9B8A-C9F669F549AA}.Debug|Any CPU.ActiveCfg = Debug|x86
		{DC39A188-F3ED-424C-9B8A-C9F669F549AA}.Debug|Any CPU.Build.0 = Debug|x86
		{DC39A188-F3ED-424C-9B8A-C9F669F549AA}.Debug|Mixed Platforms.ActiveCfg = Debug|Any CPU
		{DC39A188-F3ED-424C-9B8A-C9F669F549AA}.Debug|Mixed Platforms.Build.0 = Debug|Any CPU
		{DC39A188-F3ED-424C-9B8A-C9F669F549AA}.Debug|Win32.ActiveCfg = Debug|x86
		{DC39A188-F3ED-424C-9B8A-C9F669F549AA}.Debug|x86.ActiveCfg = Debug|x86
		{DC39A188-F3ED-424C-9B8A-C9F669F549AA}.Release|Any CPU.ActiveCfg = Release|Any CPU
		{DC39A188-F3ED-424C-9B8A-C9F669F549AA}.Release|Any CPU.Build.0 = Release|Any CPU
		{DC39A188-F3ED-424C-9B8A-C9F669F549AA}.Release|Mixed Platforms.ActiveCfg = Release|Any CPU
		{DC39A188-F3ED-424C-9B8A-C9F669F549AA}.Release|Mixed Platforms.Build.0 = Release|Any CPU
		{DC39A188-F3ED-424C-9B8A-C9F669F549AA}.Release|Win32.ActiveCfg = Release|x86
		{DC39A188-F3ED-424C-9B8A-C9F669F549AA}.Release|x86.ActiveCfg = Release|Any CPU
		{17529A4F-65E0-4CDB-A56A-C0C4CC8E9BE9}.Debug|Any CPU.ActiveCfg = Debug|x86
		{17529A4F-65E0-4CDB-A56A-C0C4CC8E9BE9}.Debug|Any CPU.Build.0 = Debug|x86
		{17529A4F-65E0-4CDB-A56A-C0C4CC8E9BE9}.Debug|Mixed Platforms.ActiveCfg = Debug|Any CPU
		{17529A4F-65E0-4CDB-A56A-C0C4CC8E9BE9}.Debug|Mixed Platforms.Build.0 = Debug|Any CPU
		{17529A4F-65E0-4CDB-A56A-C0C4CC8E9BE9}.Debug|Win32.ActiveCfg = Debug|x86
		{17529A4F-65E0-4CDB-A56A-C0C4CC8E9BE9}.Debug|x86.ActiveCfg = Debug|x86
		{17529A4F-65E0-4CDB-A56A-C0C4CC8E9BE9}.Release|Any CPU.ActiveCfg = Release|Any CPU
		{17529A4F-65E0-4CDB-A56A-C0C4CC8E9BE9}.Release|Any CPU.Build.0 = Release|Any CPU
		{17529A4F-65E0-4CDB-A56A-C0C4CC8E9BE9}.Release|Mixed Platforms.ActiveCfg = Release|Any CPU
		{17529A4F-65E0-4CDB-A56A-C0C4CC8E9BE9}.Release|Mixed Platforms.Build.0 = Release|Any CPU
		{17529A4F-65E0-4CDB-A56A-C0C4CC8E9BE9}.Release|Win32.ActiveCfg = Release|x86
		{17529A4F-65E0-4CDB-A56A-C0C4CC8E9BE9}.Release|x86.ActiveCfg = Release|Any CPU
		{8072F996-1B06-4E3D-80F5-008D77CF0AF9}.Debug|Any CPU.ActiveCfg = Debug|x86
		{8072F996-1B06-4E3D-80F5-008D77CF0AF9}.Debug|Any CPU.Build.0 = Debug|x86
		{8072F996-1B06-4E3D-80F5-008D77CF0AF9}.Debug|Mixed Platforms.ActiveCfg = Debug|Any CPU
		{8072F996-1B06-4E3D-80F5-008D77CF0AF9}.Debug|Mixed Platforms.Build.0 = Debug|Any CPU
		{8072F996-1B06-4E3D-80F5-008D77CF0AF9}.Debug|Win32.ActiveCfg = Debug|x86
		{8072F996-1B06-4E3D-80F5-008D77CF0AF9}.Debug|x86.ActiveCfg = Debug|Any CPU
		{8072F996-1B06-4E3D-80F5-008D77CF0AF9}.Release|Any CPU.ActiveCfg = Release|Any CPU
		{8072F996-1B06-4E3D-80F5-008D77CF0AF9}.Release|Any CPU.Build.0 = Release|Any CPU
		{8072F996-1B06-4E3D-80F5-008D77CF0AF9}.Release|Mixed Platforms.ActiveCfg = Release|Any CPU
		{8072F996-1B06-4E3D-80F5-008D77CF0AF9}.Release|Mixed Platforms.Build.0 = Release|Any CPU
		{8072F996-1B06-4E3D-80F5-008D77CF0AF9}.Release|Win32.ActiveCfg = Release|x86
		{8072F996-1B06-4E3D-80F5-008D77CF0AF9}.Release|x86.ActiveCfg = Release|Any CPU
		{F7B8387C-2DBB-41BD-B6E2-C1370A9AE651}.Debug|Any CPU.ActiveCfg = Debug|Win32
		{F7B8387C-2DBB-41BD-B6E2-C1370A9AE651}.Debug|Any CPU.Build.0 = Debug|Win32
		{F7B8387C-2DBB-41BD-B6E2-C1370A9AE651}.Debug|Mixed Platforms.ActiveCfg = Debug|Win32
		{F7B8387C-2DBB-41BD-B6E2-C1370A9AE651}.Debug|Mixed Platforms.Build.0 = Debug|Win32
		{F7B8387C-2DBB-41BD-B6E2-C1370A9AE651}.Debug|Win32.ActiveCfg = Debug|Win32
		{F7B8387C-2DBB-41BD-B6E2-C1370A9AE651}.Debug|Win32.Build.0 = Debug|Win32
		{F7B8387C-2DBB-41BD-B6E2-C1370A9AE651}.Debug|x86.ActiveCfg = Debug|Win32
		{F7B8387C-2DBB-41BD-B6E2-C1370A9AE651}.Release|Any CPU.ActiveCfg = Release|Win32
		{F7B8387C-2DBB-41BD-B6E2-C1370A9AE651}.Release|Mixed Platforms.ActiveCfg = Release|Win32
		{F7B8387C-2DBB-41BD-B6E2-C1370A9AE651}.Release|Mixed Platforms.Build.0 = Release|Win32
		{F7B8387C-2DBB-41BD-B6E2-C1370A9AE651}.Release|Win32.ActiveCfg = Release|Win32
		{F7B8387C-2DBB-41BD-B6E2-C1370A9AE651}.Release|Win32.Build.0 = Release|Win32
		{F7B8387C-2DBB-41BD-B6E2-C1370A9AE651}.Release|x86.ActiveCfg = Release|Win32
	EndGlobalSection
	GlobalSection(SolutionProperties) = preSolution
		HideSolutionNode = FALSE
	EndGlobalSection
EndGlobal
